
Microsoft Visual Studio Solution File, Format Version 12.00
# Visual Studio Version 16
VisualStudioVersion = 16.0.29403.142
MinimumVisualStudioVersion = 10.0.40219.1
Project("{FAE04EC0-301F-11D3-BF4B-00C04F79EFBC}") = "PE07EventsandDelegates", "PE07EventsandDelegates\PE07EventsandDelegates.csproj", "{38F0E586-18F8-481C-BF31-79D8E28CEC4C}"
EndProject
Global
	GlobalSection(SolutionConfigurationPlatforms) = preSolution
		Debug|Any CPU = Debug|Any CPU
		Release|Any CPU = Release|Any CPU
	EndGlobalSection
	GlobalSection(ProjectConfigurationPlatforms) = postSolution
		{38F0E586-18F8-481C-BF31-79D8E28CEC4C}.Debug|Any CPU.ActiveCfg = Debug|Any CPU
		{38F0E586-18F8-481C-BF31-79D8E28CEC4C}.Debug|Any CPU.Build.0 = Debug|Any CPU
		{38F0E586-18F8-481C-BF31-79D8E28CEC4C}.Release|Any CPU.ActiveCfg = Release|Any CPU
		{38F0E586-18F8-481C-BF31-79D8E28CEC4C}.Release|Any CPU.Build.0 = Release|Any CPU
	EndGlobalSection
	GlobalSection(SolutionProperties) = preSolution
		HideSolutionNode = FALSE
	EndGlobalSection
	GlobalSection(ExtensibilityGlobals) = postSolution
		SolutionGuid = {BD851126-72DE-4668-AF77-D2F8452B705C}
	EndGlobalSection
EndGlobal
