
Microsoft Visual Studio Solution File, Format Version 12.00
# Visual Studio Version 16
VisualStudioVersion = 16.0.29403.142
MinimumVisualStudioVersion = 10.0.40219.1
Project("{FAE04EC0-301F-11D3-BF4B-00C04F79EFBC}") = "PE20-TalentTreeTraversal", "PE20-TalentTreeTraversal\PE20-TalentTreeTraversal.csproj", "{A8B816D0-A5AB-4CB8-BA3D-55DDA168DE1F}"
EndProject
Global
	GlobalSection(SolutionConfigurationPlatforms) = preSolution
		Debug|Any CPU = Debug|Any CPU
		Release|Any CPU = Release|Any CPU
	EndGlobalSection
	GlobalSection(ProjectConfigurationPlatforms) = postSolution
		{A8B816D0-A5AB-4CB8-BA3D-55DDA168DE1F}.Debug|Any CPU.ActiveCfg = Debug|Any CPU
		{A8B816D0-A5AB-4CB8-BA3D-55DDA168DE1F}.Debug|Any CPU.Build.0 = Debug|Any CPU
		{A8B816D0-A5AB-4CB8-BA3D-55DDA168DE1F}.Release|Any CPU.ActiveCfg = Release|Any CPU
		{A8B816D0-A5AB-4CB8-BA3D-55DDA168DE1F}.Release|Any CPU.Build.0 = Release|Any CPU
	EndGlobalSection
	GlobalSection(SolutionProperties) = preSolution
		HideSolutionNode = FALSE
	EndGlobalSection
	GlobalSection(ExtensibilityGlobals) = postSolution
		SolutionGuid = {74A217BA-FE3D-4E8E-946E-59435895E3FF}
	EndGlobalSection
EndGlobal
