
Microsoft Visual Studio Solution File, Format Version 12.00
# Visual Studio Version 16
VisualStudioVersion = 16.0.29609.76
MinimumVisualStudioVersion = 10.0.40219.1
Project("{FAE04EC0-301F-11D3-BF4B-00C04F79EFBC}") = "PE11-2DArrays", "PE11-2DArrays\PE11-2DArrays.csproj", "{D87F923B-BB48-4E0B-84DA-7AB4FC7923E0}"
EndProject
Global
	GlobalSection(SolutionConfigurationPlatforms) = preSolution
		Debug|x86 = Debug|x86
		Release|x86 = Release|x86
	EndGlobalSection
	GlobalSection(ProjectConfigurationPlatforms) = postSolution
		{D87F923B-BB48-4E0B-84DA-7AB4FC7923E0}.Debug|x86.ActiveCfg = Debug|x86
		{D87F923B-BB48-4E0B-84DA-7AB4FC7923E0}.Debug|x86.Build.0 = Debug|x86
		{D87F923B-BB48-4E0B-84DA-7AB4FC7923E0}.Release|x86.ActiveCfg = Release|x86
		{D87F923B-BB48-4E0B-84DA-7AB4FC7923E0}.Release|x86.Build.0 = Release|x86
	EndGlobalSection
	GlobalSection(SolutionProperties) = preSolution
		HideSolutionNode = FALSE
	EndGlobalSection
	GlobalSection(ExtensibilityGlobals) = postSolution
		SolutionGuid = {37230621-0879-4EF2-829C-0026538DC3C3}
	EndGlobalSection
EndGlobal
